
Microsoft Visual Studio Solution File, Format Version 12.00
# Visual Studio Version 16
VisualStudioVersion = 16.0.30114.105
MinimumVisualStudioVersion = 10.0.40219.1
Project("{2150E333-8FDC-42A3-9474-1A3956D46DE8}") = "src", "src", "{BCAF5AE5-2A07-4DFD-833D-5FDAC0F471E2}"
EndProject
Project("{FAE04EC0-301F-11D3-BF4B-00C04F79EFBC}") = "IndAppt", "src\IndAppt\IndAppt.csproj", "{7E2B55FA-112D-4439-97A8-D1A277D7B5CE}"
EndProject
Project("{2150E333-8FDC-42A3-9474-1A3956D46DE8}") = "test", "test", "{4B18EDD3-2E2F-4C6A-ADD4-6FE531888774}"
EndProject
Project("{FAE04EC0-301F-11D3-BF4B-00C04F79EFBC}") = "IndAppt.Tests", "test\IndAppt.Tests\IndAppt.Tests.csproj", "{6CB15DAB-9FC2-4E07-B454-8D0EB6EBA773}"
EndProject
Global
	GlobalSection(SolutionConfigurationPlatforms) = preSolution
		Debug|Any CPU = Debug|Any CPU
		Release|Any CPU = Release|Any CPU
	EndGlobalSection
	GlobalSection(SolutionProperties) = preSolution
		HideSolutionNode = FALSE
	EndGlobalSection
	GlobalSection(ProjectConfigurationPlatforms) = postSolution
		{7E2B55FA-112D-4439-97A8-D1A277D7B5CE}.Debug|Any CPU.ActiveCfg = Debug|Any CPU
		{7E2B55FA-112D-4439-97A8-D1A277D7B5CE}.Debug|Any CPU.Build.0 = Debug|Any CPU
		{7E2B55FA-112D-4439-97A8-D1A277D7B5CE}.Release|Any CPU.ActiveCfg = Release|Any CPU
		{7E2B55FA-112D-4439-97A8-D1A277D7B5CE}.Release|Any CPU.Build.0 = Release|Any CPU
		{6CB15DAB-9FC2-4E07-B454-8D0EB6EBA773}.Debug|Any CPU.ActiveCfg = Debug|Any CPU
		{6CB15DAB-9FC2-4E07-B454-8D0EB6EBA773}.Debug|Any CPU.Build.0 = Debug|Any CPU
		{6CB15DAB-9FC2-4E07-B454-8D0EB6EBA773}.Release|Any CPU.ActiveCfg = Release|Any CPU
		{6CB15DAB-9FC2-4E07-B454-8D0EB6EBA773}.Release|Any CPU.Build.0 = Release|Any CPU
	EndGlobalSection
	GlobalSection(NestedProjects) = preSolution
		{7E2B55FA-112D-4439-97A8-D1A277D7B5CE} = {BCAF5AE5-2A07-4DFD-833D-5FDAC0F471E2}
		{6CB15DAB-9FC2-4E07-B454-8D0EB6EBA773} = {4B18EDD3-2E2F-4C6A-ADD4-6FE531888774}
	EndGlobalSection
EndGlobal
